
Microsoft Visual Studio Solution File, Format Version 12.00
# Visual Studio Version 16
VisualStudioVersion = 16.0.29519.87
MinimumVisualStudioVersion = 10.0.40219.1
Project("{FAE04EC0-301F-11D3-BF4B-00C04F79EFBC}") = "Museum3d", "Museum3d\Museum3d.csproj", "{941A6C7C-4984-47B1-82B6-DE9E6DEE6958}"
EndProject
Global
	GlobalSection(SolutionConfigurationPlatforms) = preSolution
		Debug|Any CPU = Debug|Any CPU
		Release|Any CPU = Release|Any CPU
	EndGlobalSection
	GlobalSection(ProjectConfigurationPlatforms) = postSolution
		{941A6C7C-4984-47B1-82B6-DE9E6DEE6958}.Debug|Any CPU.ActiveCfg = Debug|Any CPU
		{941A6C7C-4984-47B1-82B6-DE9E6DEE6958}.Debug|Any CPU.Build.0 = Debug|Any CPU
		{941A6C7C-4984-47B1-82B6-DE9E6DEE6958}.Release|Any CPU.ActiveCfg = Release|Any CPU
		{941A6C7C-4984-47B1-82B6-DE9E6DEE6958}.Release|Any CPU.Build.0 = Release|Any CPU
	EndGlobalSection
	GlobalSection(SolutionProperties) = preSolution
		HideSolutionNode = FALSE
	EndGlobalSection
	GlobalSection(ExtensibilityGlobals) = postSolution
		SolutionGuid = {2574C5A6-E2BF-4CB3-BDB2-588FAC2A582B}
	EndGlobalSection
EndGlobal
